{
    "name": "artboard-manager",
    "version": "1.3.1",
    "lockfileVersion": 1,
    "requires": true,
    "dependencies": {
        "mocha-js-delegate": {
            "version": "0.1.1",
            "resolved": "https://registry.npmjs.org/mocha-js-delegate/-/mocha-js-delegate-0.1.1.tgz",
            "integrity": "sha1-MipNKqn98saW1Q3qqgE1JrdZzPY="
        },
        "sketch-module-web-view": {
            "version": "0.1.4",
            "resolved": "https://registry.npmjs.org/sketch-module-web-view/-/sketch-module-web-view-0.1.4.tgz",
            "integrity": "sha1-D2UUJVi4KGt2RFQ7oF6ZX3uewlc=",
            "requires": {
                "mocha-js-delegate": "0.1.1"
            }
        }
    }
}
